
Microsoft Visual Studio Solution File, Format Version 12.00
# Visual Studio Version 17
VisualStudioVersion = 17.14.36221.1 d17.14
MinimumVisualStudioVersion = 10.0.40219.1
Project("{FAE04EC0-301F-11D3-BF4B-00C04F79EFBC}") = "Projeto RH-HOTELARIA", "Projeto RH-HOTELARIA\Projeto RH-HOTELARIA.csproj", "{A64516B7-4CE8-4A58-B742-EC1A43A51E68}"
EndProject
Global
	GlobalSection(SolutionConfigurationPlatforms) = preSolution
		Debug|Any CPU = Debug|Any CPU
		Release|Any CPU = Release|Any CPU
	EndGlobalSection
	GlobalSection(ProjectConfigurationPlatforms) = postSolution
		{A64516B7-4CE8-4A58-B742-EC1A43A51E68}.Debug|Any CPU.ActiveCfg = Debug|Any CPU
		{A64516B7-4CE8-4A58-B742-EC1A43A51E68}.Debug|Any CPU.Build.0 = Debug|Any CPU
		{A64516B7-4CE8-4A58-B742-EC1A43A51E68}.Release|Any CPU.ActiveCfg = Release|Any CPU
		{A64516B7-4CE8-4A58-B742-EC1A43A51E68}.Release|Any CPU.Build.0 = Release|Any CPU
	EndGlobalSection
	GlobalSection(SolutionProperties) = preSolution
		HideSolutionNode = FALSE
	EndGlobalSection
	GlobalSection(ExtensibilityGlobals) = postSolution
		SolutionGuid = {D05164CB-B990-4793-BE7A-A44DBE863C40}
	EndGlobalSection
EndGlobal
